// !$*UTF8*$!
{
	archiveVersion = 1;
	classes = {
	};
	objectVersion = 56;
	objects = {

/* Begin PBXBuildFile section */
		1A283CB0A1273797A2EDF575 /* MainTabView.swift in Sources */ = {isa = PBXBuildFile; fileRef = D18ED4677AC6505B776798E6 /* MainTabView.swift */; };
		42FE55B393A3181535CBC9F8 /* SubscriptionRepositoryTests.swift in Sources */ = {isa = PBXBuildFile; fileRef = 3D043D3718FB956DCC29034F /* SubscriptionRepositoryTests.swift */; };
		518517179F516B8CCFD2E88F /* SubscriptionServiceTests.swift in Sources */ = {isa = PBXBuildFile; fileRef = 80D08C636718C70D9EAA979A /* SubscriptionServiceTests.swift */; };
		950800032F04064E0041AD54 /* DepositsView.swift in Sources */ = {isa = PBXBuildFile; fileRef = 950800022F04064E0041AD54 /* DepositsView.swift */; };
		950800052F0406560041AD54 /* DepositsViewModel.swift in Sources */ = {isa = PBXBuildFile; fileRef = 950800042F0406560041AD54 /* DepositsViewModel.swift */; };
		950800092F0406650041AD54 /* Deposit.swift in Sources */ = {isa = PBXBuildFile; fileRef = 950800082F0406650041AD54 /* Deposit.swift */; };
		9508000D2F0406770041AD54 /* DepositsRepository.swift in Sources */ = {isa = PBXBuildFile; fileRef = 9508000C2F0406770041AD54 /* DepositsRepository.swift */; };
		9508000F2F04077F0041AD54 /* DepositCurrency.swift in Sources */ = {isa = PBXBuildFile; fileRef = 9508000E2F04077E0041AD54 /* DepositCurrency.swift */; };
		950800112F0409A60041AD54 /* DepositsService.swift in Sources */ = {isa = PBXBuildFile; fileRef = 950800102F0409A50041AD54 /* DepositsService.swift */; };
		950800132F040B6C0041AD54 /* RootView.swift in Sources */ = {isa = PBXBuildFile; fileRef = 950800122F040B6C0041AD54 /* RootView.swift */; };
		950800152F040E5A0041AD54 /* SettingsView.swift in Sources */ = {isa = PBXBuildFile; fileRef = 950800142F040E5A0041AD54 /* SettingsView.swift */; };
		9511098B2F8161EE00EE2EEE /* DIContainer.swift in Sources */ = {isa = PBXBuildFile; fileRef = 9511098A2F8161EE00EE2EEE /* DIContainer.swift */; };
		9523DDAB2FBB85F400E24324 /* DepositsViewModelTests.swift in Sources */ = {isa = PBXBuildFile; fileRef = 9523DDAA2FBB85F400E24324 /* DepositsViewModelTests.swift */; };
		9539C4222F93FC9D003A105C /* AnalyticsViewModel.swift in Sources */ = {isa = PBXBuildFile; fileRef = 9539C4212F93FC9D003A105C /* AnalyticsViewModel.swift */; };
		9539C4242F93FCB9003A105C /* AnalyticsView.swift in Sources */ = {isa = PBXBuildFile; fileRef = 9539C4232F93FCB9003A105C /* AnalyticsView.swift */; };
		9557F9792F810AB10086715E /* Settings.swift in Sources */ = {isa = PBXBuildFile; fileRef = 9557F9782F810AB10086715E /* Settings.swift */; };
		95892D362F95F07500A30CA9 /* Color+Brand.swift in Sources */ = {isa = PBXBuildFile; fileRef = 95892D352F95F07500A30CA9 /* Color+Brand.swift */; };
		95A86BD02F82B8BD009B94CF /* AppSchema.swift in Sources */ = {isa = PBXBuildFile; fileRef = 95A86BCF2F82B8BD009B94CF /* AppSchema.swift */; };
		95A86BD22F82BBA2009B94CF /* LanguageBundle.swift in Sources */ = {isa = PBXBuildFile; fileRef = 95A86BD12F82BBA2009B94CF /* LanguageBundle.swift */; };
		95A86BD42F82BDF8009B94CF /* CSVExporter.swift in Sources */ = {isa = PBXBuildFile; fileRef = 95A86BD32F82BDF8009B94CF /* CSVExporter.swift */; };
		95AD907E2F8252720064CD19 /* SubscriptionBillingCycle.swift in Sources */ = {isa = PBXBuildFile; fileRef = 95AD907D2F8252720064CD19 /* SubscriptionBillingCycle.swift */; };
		95AD90802F82527B0064CD19 /* Subscription.swift in Sources */ = {isa = PBXBuildFile; fileRef = 95AD907F2F82527B0064CD19 /* Subscription.swift */; };
		95AD90822F8252890064CD19 /* SubscriptionsRepository.swift in Sources */ = {isa = PBXBuildFile; fileRef = 95AD90812F8252890064CD19 /* SubscriptionsRepository.swift */; };
		95AD90842F8252960064CD19 /* SubscriptionsService.swift in Sources */ = {isa = PBXBuildFile; fileRef = 95AD90832F8252960064CD19 /* SubscriptionsService.swift */; };
		95AD90862F8252A50064CD19 /* SubscriptionsViewModel.swift in Sources */ = {isa = PBXBuildFile; fileRef = 95AD90852F8252A50064CD19 /* SubscriptionsViewModel.swift */; };
		95AD90882F8252CA0064CD19 /* SubscriptionsView.swift in Sources */ = {isa = PBXBuildFile; fileRef = 95AD90872F8252CA0064CD19 /* SubscriptionsView.swift */; };
		95CCEE182FC9886E00694936 /* AnalyticsViewModelTests.swift in Sources */ = {isa = PBXBuildFile; fileRef = 95CCEE172FC9886E00694936 /* AnalyticsViewModelTests.swift */; };
		95DA000C2FD0000100000001 /* CSVImporterTests.swift in Sources */ = {isa = PBXBuildFile; fileRef = 95DA000B2FD0000100000001 /* CSVImporterTests.swift */; };
		95DA000A2FD0000100000001 /* CSVExporterTests.swift in Sources */ = {isa = PBXBuildFile; fileRef = 95DA00092FD0000100000001 /* CSVExporterTests.swift */; };
		95DA00082FD0000100000001 /* DashboardViewModelTests.swift in Sources */ = {isa = PBXBuildFile; fileRef = 95DA00072FD0000100000001 /* DashboardViewModelTests.swift */; };
		95DA00062FD0000100000001 /* CurrencyConverterTests.swift in Sources */ = {isa = PBXBuildFile; fileRef = 95DA00052FD0000100000001 /* CurrencyConverterTests.swift */; };
		95DA00042FD0000100000001 /* DashboardViewModel.swift in Sources */ = {isa = PBXBuildFile; fileRef = 95DA00032FD0000100000001 /* DashboardViewModel.swift */; };
		95DA00022FD0000100000001 /* CurrencyConverter.swift in Sources */ = {isa = PBXBuildFile; fileRef = 95DA00012FD0000100000001 /* CurrencyConverter.swift */; };
		95D967FA2F04193400079C66 /* HomeTabView.swift in Sources */ = {isa = PBXBuildFile; fileRef = 95D967F92F04193400079C66 /* HomeTabView.swift */; };
		95D967FC2F04193500079C66 /* LandingCard.swift in Sources */ = {isa = PBXBuildFile; fileRef = 95D967FB2F04193500079C66 /* LandingCard.swift */; };
		95D967FE2F04193500079C66 /* Color+TertiaryLabel.swift in Sources */ = {isa = PBXBuildFile; fileRef = 95D967FD2F04193500079C66 /* Color+TertiaryLabel.swift */; };
		95E87C1F2F9493A600E238D5 /* CSVImporter.swift in Sources */ = {isa = PBXBuildFile; fileRef = 95E87C1E2F9493A600E238D5 /* CSVImporter.swift */; };
		95E87C212F94A27D00E238D5 /* SampleDataService.swift in Sources */ = {isa = PBXBuildFile; fileRef = 95E87C202F94A27D00E238D5 /* SampleDataService.swift */; };
		95E87C232F94A28C00E238D5 /* OnboardingView.swift in Sources */ = {isa = PBXBuildFile; fileRef = 95E87C222F94A28C00E238D5 /* OnboardingView.swift */; };
		95F8B8142F06E0B0001CD71A /* Localizable.strings in Resources */ = {isa = PBXBuildFile; fileRef = 953C14A32F056E61003998D2 /* Localizable.strings */; };
		9FAB6410B6D54868ADC66EE1 /* Assets.xcassets in Resources */ = {isa = PBXBuildFile; fileRef = 95151F8C2EFFC86800285671 /* Assets.xcassets */; };
		AB6D416A1F9E2CDCC48866A2 /* Foundation.framework in Frameworks */ = {isa = PBXBuildFile; fileRef = 83030EA047ED1B27E3B370CB /* Foundation.framework */; };
		E832151A59B7432DB3E738D4 /* PrivacyInfo.xcprivacy in Resources */ = {isa = PBXBuildFile; fileRef = BC60E8CE818846C2907E2ED6 /* PrivacyInfo.xcprivacy */; };
		EC6792D387AAEE27DD44A4FF /* SubscriptionViewModelTests.swift in Sources */ = {isa = PBXBuildFile; fileRef = B26A38B2C0B92497C74625F2 /* SubscriptionViewModelTests.swift */; };
		F8045D927570703468F14EEE /* InvestPortfolioApp.swift in Sources */ = {isa = PBXBuildFile; fileRef = 5E8A6769F38550C7E7261987 /* InvestPortfolioApp.swift */; };
/* End PBXBuildFile section */

/* Begin PBXContainerItemProxy section */
		4F49AB19859D0E1893F0E95A /* PBXContainerItemProxy */ = {
			isa = PBXContainerItemProxy;
			containerPortal = EFA73E3C964F10E63EF43557 /* Project object */;
			proxyType = 1;
			remoteGlobalIDString = 76F201F3639A13B5439A0C3F;
			remoteInfo = InvestPortfolio;
		};
/* End PBXContainerItemProxy section */

/* Begin PBXFileReference section */
		3D043D3718FB956DCC29034F /* SubscriptionRepositoryTests.swift */ = {isa = PBXFileReference; includeInIndex = 1; lastKnownFileType = sourcecode.swift; path = SubscriptionRepositoryTests.swift; sourceTree = "<group>"; };
		51AB3E044295A2DF769A31B9 /* InvestPortfolio.app */ = {isa = PBXFileReference; explicitFileType = wrapper.application; includeInIndex = 0; path = InvestPortfolio.app; sourceTree = BUILT_PRODUCTS_DIR; };
		5E8A6769F38550C7E7261987 /* InvestPortfolioApp.swift */ = {isa = PBXFileReference; lastKnownFileType = sourcecode.swift; path = InvestPortfolioApp.swift; sourceTree = "<group>"; };
		80D08C636718C70D9EAA979A /* SubscriptionServiceTests.swift */ = {isa = PBXFileReference; includeInIndex = 1; lastKnownFileType = sourcecode.swift; path = SubscriptionServiceTests.swift; sourceTree = "<group>"; };
		83030EA047ED1B27E3B370CB /* Foundation.framework */ = {isa = PBXFileReference; lastKnownFileType = wrapper.framework; name = Foundation.framework; path = Platforms/iPhoneOS.platform/Developer/SDKs/iPhoneOS18.0.sdk/System/Library/Frameworks/Foundation.framework; sourceTree = DEVELOPER_DIR; };
		950800022F04064E0041AD54 /* DepositsView.swift */ = {isa = PBXFileReference; lastKnownFileType = sourcecode.swift; path = DepositsView.swift; sourceTree = "<group>"; };
		950800042F0406560041AD54 /* DepositsViewModel.swift */ = {isa = PBXFileReference; lastKnownFileType = sourcecode.swift; path = DepositsViewModel.swift; sourceTree = "<group>"; };
		950800082F0406650041AD54 /* Deposit.swift */ = {isa = PBXFileReference; lastKnownFileType = sourcecode.swift; path = Deposit.swift; sourceTree = "<group>"; };
		9508000C2F0406770041AD54 /* DepositsRepository.swift */ = {isa = PBXFileReference; lastKnownFileType = sourcecode.swift; path = DepositsRepository.swift; sourceTree = "<group>"; };
		9508000E2F04077E0041AD54 /* DepositCurrency.swift */ = {isa = PBXFileReference; lastKnownFileType = sourcecode.swift; path = DepositCurrency.swift; sourceTree = "<group>"; };
		950800102F0409A50041AD54 /* DepositsService.swift */ = {isa = PBXFileReference; lastKnownFileType = sourcecode.swift; path = DepositsService.swift; sourceTree = "<group>"; };
		950800122F040B6C0041AD54 /* RootView.swift */ = {isa = PBXFileReference; lastKnownFileType = sourcecode.swift; path = RootView.swift; sourceTree = "<group>"; };
		950800142F040E5A0041AD54 /* SettingsView.swift */ = {isa = PBXFileReference; lastKnownFileType = sourcecode.swift; path = SettingsView.swift; sourceTree = "<group>"; };
		9511098A2F8161EE00EE2EEE /* DIContainer.swift */ = {isa = PBXFileReference; lastKnownFileType = sourcecode.swift; path = DIContainer.swift; sourceTree = "<group>"; };
		95151F8C2EFFC86800285671 /* Assets.xcassets */ = {isa = PBXFileReference; lastKnownFileType = folder.assetcatalog; path = Assets.xcassets; sourceTree = "<group>"; };
		9523DDAA2FBB85F400E24324 /* DepositsViewModelTests.swift */ = {isa = PBXFileReference; lastKnownFileType = sourcecode.swift; path = DepositsViewModelTests.swift; sourceTree = "<group>"; };
		9539C4212F93FC9D003A105C /* AnalyticsViewModel.swift */ = {isa = PBXFileReference; lastKnownFileType = sourcecode.swift; path = AnalyticsViewModel.swift; sourceTree = "<group>"; };
		9539C4232F93FCB9003A105C /* AnalyticsView.swift */ = {isa = PBXFileReference; lastKnownFileType = sourcecode.swift; path = AnalyticsView.swift; sourceTree = "<group>"; };
		953C14A02F056E61003998D2 /* Base */ = {isa = PBXFileReference; lastKnownFileType = text.plist.strings; name = Base; path = Base.lproj/Localizable.strings; sourceTree = "<group>"; xcLanguageSpecificationIdentifier = xcode.lang.plist; };
		953C14A12F056E61003998D2 /* ru */ = {isa = PBXFileReference; lastKnownFileType = text.plist.strings; name = ru; path = ru.lproj/Localizable.strings; sourceTree = "<group>"; xcLanguageSpecificationIdentifier = xcode.lang.plist; };
		953C14A52F056EDD003998D2 /* en */ = {isa = PBXFileReference; lastKnownFileType = text.plist.strings; name = en; path = en.lproj/Localizable.strings; sourceTree = "<group>"; };
		9557F9782F810AB10086715E /* Settings.swift */ = {isa = PBXFileReference; lastKnownFileType = sourcecode.swift; path = Settings.swift; sourceTree = "<group>"; };
		95892D352F95F07500A30CA9 /* Color+Brand.swift */ = {isa = PBXFileReference; lastKnownFileType = sourcecode.swift; path = "Color+Brand.swift"; sourceTree = "<group>"; };
		95A86BCF2F82B8BD009B94CF /* AppSchema.swift */ = {isa = PBXFileReference; lastKnownFileType = sourcecode.swift; path = AppSchema.swift; sourceTree = "<group>"; };
		95A86BD12F82BBA2009B94CF /* LanguageBundle.swift */ = {isa = PBXFileReference; lastKnownFileType = sourcecode.swift; path = LanguageBundle.swift; sourceTree = "<group>"; };
		95A86BD32F82BDF8009B94CF /* CSVExporter.swift */ = {isa = PBXFileReference; lastKnownFileType = sourcecode.swift; path = CSVExporter.swift; sourceTree = "<group>"; };
		95AD907D2F8252720064CD19 /* SubscriptionBillingCycle.swift */ = {isa = PBXFileReference; lastKnownFileType = sourcecode.swift; path = SubscriptionBillingCycle.swift; sourceTree = "<group>"; };
		95AD907F2F82527B0064CD19 /* Subscription.swift */ = {isa = PBXFileReference; lastKnownFileType = sourcecode.swift; path = Subscription.swift; sourceTree = "<group>"; };
		95AD90812F8252890064CD19 /* SubscriptionsRepository.swift */ = {isa = PBXFileReference; lastKnownFileType = sourcecode.swift; path = SubscriptionsRepository.swift; sourceTree = "<group>"; };
		95AD90832F8252960064CD19 /* SubscriptionsService.swift */ = {isa = PBXFileReference; lastKnownFileType = sourcecode.swift; path = SubscriptionsService.swift; sourceTree = "<group>"; };
		95AD90852F8252A50064CD19 /* SubscriptionsViewModel.swift */ = {isa = PBXFileReference; lastKnownFileType = sourcecode.swift; path = SubscriptionsViewModel.swift; sourceTree = "<group>"; };
		95AD90872F8252CA0064CD19 /* SubscriptionsView.swift */ = {isa = PBXFileReference; lastKnownFileType = sourcecode.swift; path = SubscriptionsView.swift; sourceTree = "<group>"; };
		95CCEE172FC9886E00694936 /* AnalyticsViewModelTests.swift */ = {isa = PBXFileReference; lastKnownFileType = sourcecode.swift; path = AnalyticsViewModelTests.swift; sourceTree = "<group>"; };
		95DA000B2FD0000100000001 /* CSVImporterTests.swift */ = {isa = PBXFileReference; lastKnownFileType = sourcecode.swift; path = CSVImporterTests.swift; sourceTree = "<group>"; };
		95DA00092FD0000100000001 /* CSVExporterTests.swift */ = {isa = PBXFileReference; lastKnownFileType = sourcecode.swift; path = CSVExporterTests.swift; sourceTree = "<group>"; };
		95DA00072FD0000100000001 /* DashboardViewModelTests.swift */ = {isa = PBXFileReference; lastKnownFileType = sourcecode.swift; path = DashboardViewModelTests.swift; sourceTree = "<group>"; };
		95DA00052FD0000100000001 /* CurrencyConverterTests.swift */ = {isa = PBXFileReference; lastKnownFileType = sourcecode.swift; path = CurrencyConverterTests.swift; sourceTree = "<group>"; };
		95DA00032FD0000100000001 /* DashboardViewModel.swift */ = {isa = PBXFileReference; lastKnownFileType = sourcecode.swift; path = DashboardViewModel.swift; sourceTree = "<group>"; };
		95DA00012FD0000100000001 /* CurrencyConverter.swift */ = {isa = PBXFileReference; lastKnownFileType = sourcecode.swift; path = CurrencyConverter.swift; sourceTree = "<group>"; };
		95D967F92F04193400079C66 /* HomeTabView.swift */ = {isa = PBXFileReference; lastKnownFileType = sourcecode.swift; path = HomeTabView.swift; sourceTree = "<group>"; };
		95D967FB2F04193500079C66 /* LandingCard.swift */ = {isa = PBXFileReference; lastKnownFileType = sourcecode.swift; path = LandingCard.swift; sourceTree = "<group>"; };
		95D967FD2F04193500079C66 /* Color+TertiaryLabel.swift */ = {isa = PBXFileReference; lastKnownFileType = sourcecode.swift; path = "Color+TertiaryLabel.swift"; sourceTree = "<group>"; };
		95E87C1E2F9493A600E238D5 /* CSVImporter.swift */ = {isa = PBXFileReference; lastKnownFileType = sourcecode.swift; path = CSVImporter.swift; sourceTree = "<group>"; };
		95E87C202F94A27D00E238D5 /* SampleDataService.swift */ = {isa = PBXFileReference; lastKnownFileType = sourcecode.swift; path = SampleDataService.swift; sourceTree = "<group>"; };
		95E87C222F94A28C00E238D5 /* OnboardingView.swift */ = {isa = PBXFileReference; lastKnownFileType = sourcecode.swift; path = OnboardingView.swift; sourceTree = "<group>"; };
		B26A38B2C0B92497C74625F2 /* SubscriptionViewModelTests.swift */ = {isa = PBXFileReference; includeInIndex = 1; lastKnownFileType = sourcecode.swift; path = SubscriptionViewModelTests.swift; sourceTree = "<group>"; };
		BC60E8CE818846C2907E2ED6 /* PrivacyInfo.xcprivacy */ = {isa = PBXFileReference; lastKnownFileType = text.xml; path = PrivacyInfo.xcprivacy; sourceTree = "<group>"; };
		D18ED4677AC6505B776798E6 /* MainTabView.swift */ = {isa = PBXFileReference; lastKnownFileType = sourcecode.swift; path = MainTabView.swift; sourceTree = "<group>"; };
		FD3DA74885FAB544805FB0DE /* InvestPortfolioTests.xctest */ = {isa = PBXFileReference; explicitFileType = wrapper.cfbundle; includeInIndex = 0; path = InvestPortfolioTests.xctest; sourceTree = BUILT_PRODUCTS_DIR; };
/* End PBXFileReference section */

/* Begin PBXFrameworksBuildPhase section */
		744AD1B4389E289D237E65B2 /* Frameworks */ = {
			isa = PBXFrameworksBuildPhase;
			buildActionMask = 2147483647;
			files = (
			);
			runOnlyForDeploymentPostprocessing = 0;
		};
		C811D3C608ED8479B5569923 /* Frameworks */ = {
			isa = PBXFrameworksBuildPhase;
			buildActionMask = 2147483647;
			files = (
				AB6D416A1F9E2CDCC48866A2 /* Foundation.framework in Frameworks */,
			);
			runOnlyForDeploymentPostprocessing = 0;
		};
/* End PBXFrameworksBuildPhase section */

/* Begin PBXGroup section */
		62D5DB583295B510E944A5CD /* Frameworks */ = {
			isa = PBXGroup;
			children = (
				A3ACFD84F36A64ABF8AEDAB1 /* iOS */,
			);
			name = Frameworks;
			sourceTree = "<group>";
		};
		86B5EDCE4183E1A87CDA1CBE /* InvestPortfolioTests */ = {
			isa = PBXGroup;
			children = (
				3D043D3718FB956DCC29034F /* SubscriptionRepositoryTests.swift */,
				80D08C636718C70D9EAA979A /* SubscriptionServiceTests.swift */,
				B26A38B2C0B92497C74625F2 /* SubscriptionViewModelTests.swift */,
				9523DDAA2FBB85F400E24324 /* DepositsViewModelTests.swift */,
				95CCEE172FC9886E00694936 /* AnalyticsViewModelTests.swift */,
				95DA000B2FD0000100000001 /* CSVImporterTests.swift */,
				95DA00092FD0000100000001 /* CSVExporterTests.swift */,
				95DA00072FD0000100000001 /* DashboardViewModelTests.swift */,
				95DA00052FD0000100000001 /* CurrencyConverterTests.swift */,
			);
			path = InvestPortfolioTests;
			sourceTree = "<group>";
		};
		951109882F81614000EE2EEE /* App */ = {
			isa = PBXGroup;
			children = (
			);
			path = App;
			sourceTree = "<group>";
		};
		953C14A42F056E61003998D2 /* Resources */ = {
			isa = PBXGroup;
			children = (
				953C14A32F056E61003998D2 /* Localizable.strings */,
			);
			path = Resources;
			sourceTree = "<group>";
		};
		95D968032F041B8500079C66 /* ViewModel */ = {
			isa = PBXGroup;
			children = (
				950800042F0406560041AD54 /* DepositsViewModel.swift */,
				95AD90852F8252A50064CD19 /* SubscriptionsViewModel.swift */,
				9539C4212F93FC9D003A105C /* AnalyticsViewModel.swift */,
				95DA00032FD0000100000001 /* DashboardViewModel.swift */,
			);
			path = ViewModel;
			sourceTree = "<group>";
		};
		A3ACFD84F36A64ABF8AEDAB1 /* iOS */ = {
			isa = PBXGroup;
			children = (
				83030EA047ED1B27E3B370CB /* Foundation.framework */,
			);
			name = iOS;
			sourceTree = "<group>";
		};
		C60896E4F8DFA38C232D7907 /* Service */ = {
			isa = PBXGroup;
			children = (
				950800102F0409A50041AD54 /* DepositsService.swift */,
				950800122F040B6C0041AD54 /* RootView.swift */,
				9511098A2F8161EE00EE2EEE /* DIContainer.swift */,
				95AD90832F8252960064CD19 /* SubscriptionsService.swift */,
				95A86BD12F82BBA2009B94CF /* LanguageBundle.swift */,
				95A86BD32F82BDF8009B94CF /* CSVExporter.swift */,
				95E87C1E2F9493A600E238D5 /* CSVImporter.swift */,
				95E87C202F94A27D00E238D5 /* SampleDataService.swift */,
				95DA00012FD0000100000001 /* CurrencyConverter.swift */,
			);
			path = Service;
			sourceTree = "<group>";
		};
		C6CD1A224B518FD6F436BF8F /* Model */ = {
			isa = PBXGroup;
			children = (
				9508000E2F04077E0041AD54 /* DepositCurrency.swift */,
				950800082F0406650041AD54 /* Deposit.swift */,
				9508000C2F0406770041AD54 /* DepositsRepository.swift */,
				9557F9782F810AB10086715E /* Settings.swift */,
				95AD907D2F8252720064CD19 /* SubscriptionBillingCycle.swift */,
				95AD907F2F82527B0064CD19 /* Subscription.swift */,
				95AD90812F8252890064CD19 /* SubscriptionsRepository.swift */,
				95A86BCF2F82B8BD009B94CF /* AppSchema.swift */,
			);
			path = Model;
			sourceTree = "<group>";
		};
		E6624A5CBCC7422DE34E6EE4 /* Products */ = {
			isa = PBXGroup;
			children = (
				51AB3E044295A2DF769A31B9 /* InvestPortfolio.app */,
				FD3DA74885FAB544805FB0DE /* InvestPortfolioTests.xctest */,
			);
			name = Products;
			sourceTree = "<group>";
		};
		E8A54F4948D5CE89D5072384 = {
			isa = PBXGroup;
			children = (
				95151F8C2EFFC86800285671 /* Assets.xcassets */,
				5E8A6769F38550C7E7261987 /* InvestPortfolioApp.swift */,
				BC60E8CE818846C2907E2ED6 /* PrivacyInfo.xcprivacy */,
				C6CD1A224B518FD6F436BF8F /* Model */,
				C60896E4F8DFA38C232D7907 /* Service */,
				95D968032F041B8500079C66 /* ViewModel */,
				FAFE7386D23E096595A28133 /* View */,
				E6624A5CBCC7422DE34E6EE4 /* Products */,
				953C14A42F056E61003998D2 /* Resources */,
				951109882F81614000EE2EEE /* App */,
				62D5DB583295B510E944A5CD /* Frameworks */,
				86B5EDCE4183E1A87CDA1CBE /* InvestPortfolioTests */,
			);
			sourceTree = "<group>";
		};
		FAFE7386D23E096595A28133 /* View */ = {
			isa = PBXGroup;
			children = (
				D18ED4677AC6505B776798E6 /* MainTabView.swift */,
				950800022F04064E0041AD54 /* DepositsView.swift */,
				950800142F040E5A0041AD54 /* SettingsView.swift */,
				95D967F92F04193400079C66 /* HomeTabView.swift */,
				95D967FB2F04193500079C66 /* LandingCard.swift */,
				95D967FD2F04193500079C66 /* Color+TertiaryLabel.swift */,
				95AD90872F8252CA0064CD19 /* SubscriptionsView.swift */,
				9539C4232F93FCB9003A105C /* AnalyticsView.swift */,
				95E87C222F94A28C00E238D5 /* OnboardingView.swift */,
				95892D352F95F07500A30CA9 /* Color+Brand.swift */,
			);
			path = View;
			sourceTree = "<group>";
		};
/* End PBXGroup section */

/* Begin PBXNativeTarget section */
		11E16C5A9770848BFAFFB028 /* InvestPortfolioTests */ = {
			isa = PBXNativeTarget;
			buildConfigurationList = C33AA585DF076DEC9B7E5983 /* Build configuration list for PBXNativeTarget "InvestPortfolioTests" */;
			buildPhases = (
				94BDE11F2CA93C385779814F /* Sources */,
				C811D3C608ED8479B5569923 /* Frameworks */,
				7235C16F3FCE13074DA46C5F /* Resources */,
			);
			buildRules = (
			);
			dependencies = (
				AFAE64B4AC56E82B37EDA95B /* PBXTargetDependency */,
			);
			name = InvestPortfolioTests;
			productName = InvestPortfolioTests;
			productReference = FD3DA74885FAB544805FB0DE /* InvestPortfolioTests.xctest */;
			productType = "com.apple.product-type.bundle.unit-test";
		};
		76F201F3639A13B5439A0C3F /* InvestPortfolio */ = {
			isa = PBXNativeTarget;
			buildConfigurationList = D8773A4553161E9B19C0AD16 /* Build configuration list for PBXNativeTarget "InvestPortfolio" */;
			buildPhases = (
				6E030E50B3665BB4C2A92840 /* Sources */,
				744AD1B4389E289D237E65B2 /* Frameworks */,
				95F8B8132F06E0A6001CD71A /* Resources */,
			);
			buildRules = (
			);
			dependencies = (
			);
			name = InvestPortfolio;
			productName = InvestPortfolio;
			productReference = 51AB3E044295A2DF769A31B9 /* InvestPortfolio.app */;
			productType = "com.apple.product-type.application";
		};
/* End PBXNativeTarget section */

/* Begin PBXProject section */
		EFA73E3C964F10E63EF43557 /* Project object */ = {
			isa = PBXProject;
			attributes = {
				BuildIndependentTargetsInParallel = 1;
				LastSwiftUpdateCheck = 1500;
				LastUpgradeCheck = 2650;
				TargetAttributes = {
					76F201F3639A13B5439A0C3F = {
						CreatedOnToolsVersion = 15.0;
					};
				};
			};
			buildConfigurationList = 73782976BC5AEA92EAAD09B3 /* Build configuration list for PBXProject "InvestPortfolio" */;
			compatibilityVersion = "Xcode 14.0";
			developmentRegion = en;
			hasScannedForEncodings = 0;
			knownRegions = (
				Base,
				ru,
				en,
			);
			mainGroup = E8A54F4948D5CE89D5072384;
			productRefGroup = E6624A5CBCC7422DE34E6EE4 /* Products */;
			projectDirPath = "";
			projectRoot = "";
			targets = (
				76F201F3639A13B5439A0C3F /* InvestPortfolio */,
				11E16C5A9770848BFAFFB028 /* InvestPortfolioTests */,
			);
		};
/* End PBXProject section */

/* Begin PBXResourcesBuildPhase section */
		7235C16F3FCE13074DA46C5F /* Resources */ = {
			isa = PBXResourcesBuildPhase;
			buildActionMask = 2147483647;
			files = (
			);
			runOnlyForDeploymentPostprocessing = 0;
		};
		95F8B8132F06E0A6001CD71A /* Resources */ = {
			isa = PBXResourcesBuildPhase;
			buildActionMask = 2147483647;
			files = (
				95F8B8142F06E0B0001CD71A /* Localizable.strings in Resources */,
				9FAB6410B6D54868ADC66EE1 /* Assets.xcassets in Resources */,
				E832151A59B7432DB3E738D4 /* PrivacyInfo.xcprivacy in Resources */,
			);
			runOnlyForDeploymentPostprocessing = 0;
		};
/* End PBXResourcesBuildPhase section */

/* Begin PBXSourcesBuildPhase section */
		6E030E50B3665BB4C2A92840 /* Sources */ = {
			isa = PBXSourcesBuildPhase;
			buildActionMask = 2147483647;
			files = (
				950800152F040E5A0041AD54 /* SettingsView.swift in Sources */,
				9511098B2F8161EE00EE2EEE /* DIContainer.swift in Sources */,
				950800092F0406650041AD54 /* Deposit.swift in Sources */,
				95A86BD02F82B8BD009B94CF /* AppSchema.swift in Sources */,
				9539C4242F93FCB9003A105C /* AnalyticsView.swift in Sources */,
				F8045D927570703468F14EEE /* InvestPortfolioApp.swift in Sources */,
				95AD90882F8252CA0064CD19 /* SubscriptionsView.swift in Sources */,
				950800032F04064E0041AD54 /* DepositsView.swift in Sources */,
				950800132F040B6C0041AD54 /* RootView.swift in Sources */,
				95D967FC2F04193500079C66 /* LandingCard.swift in Sources */,
				95E87C212F94A27D00E238D5 /* SampleDataService.swift in Sources */,
				9539C4222F93FC9D003A105C /* AnalyticsViewModel.swift in Sources */,
				95DA00042FD0000100000001 /* DashboardViewModel.swift in Sources */,
				95AD90842F8252960064CD19 /* SubscriptionsService.swift in Sources */,
				950800112F0409A60041AD54 /* DepositsService.swift in Sources */,
				95AD907E2F8252720064CD19 /* SubscriptionBillingCycle.swift in Sources */,
				95AD90802F82527B0064CD19 /* Subscription.swift in Sources */,
				95D967FA2F04193400079C66 /* HomeTabView.swift in Sources */,
				950800052F0406560041AD54 /* DepositsViewModel.swift in Sources */,
				95AD90822F8252890064CD19 /* SubscriptionsRepository.swift in Sources */,
				95892D362F95F07500A30CA9 /* Color+Brand.swift in Sources */,
				9557F9792F810AB10086715E /* Settings.swift in Sources */,
				9508000F2F04077F0041AD54 /* DepositCurrency.swift in Sources */,
				95A86BD22F82BBA2009B94CF /* LanguageBundle.swift in Sources */,
				95A86BD42F82BDF8009B94CF /* CSVExporter.swift in Sources */,
				1A283CB0A1273797A2EDF575 /* MainTabView.swift in Sources */,
				95E87C1F2F9493A600E238D5 /* CSVImporter.swift in Sources */,
				95DA00022FD0000100000001 /* CurrencyConverter.swift in Sources */,
				9508000D2F0406770041AD54 /* DepositsRepository.swift in Sources */,
				95D967FE2F04193500079C66 /* Color+TertiaryLabel.swift in Sources */,
				95AD90862F8252A50064CD19 /* SubscriptionsViewModel.swift in Sources */,
				95E87C232F94A28C00E238D5 /* OnboardingView.swift in Sources */,
			);
			runOnlyForDeploymentPostprocessing = 0;
		};
		94BDE11F2CA93C385779814F /* Sources */ = {
			isa = PBXSourcesBuildPhase;
			buildActionMask = 2147483647;
			files = (
				42FE55B393A3181535CBC9F8 /* SubscriptionRepositoryTests.swift in Sources */,
				95CCEE182FC9886E00694936 /* AnalyticsViewModelTests.swift in Sources */,
				95DA000C2FD0000100000001 /* CSVImporterTests.swift in Sources */,
				95DA000A2FD0000100000001 /* CSVExporterTests.swift in Sources */,
				95DA00082FD0000100000001 /* DashboardViewModelTests.swift in Sources */,
				95DA00062FD0000100000001 /* CurrencyConverterTests.swift in Sources */,
				9523DDAB2FBB85F400E24324 /* DepositsViewModelTests.swift in Sources */,
				518517179F516B8CCFD2E88F /* SubscriptionServiceTests.swift in Sources */,
				EC6792D387AAEE27DD44A4FF /* SubscriptionViewModelTests.swift in Sources */,
			);
			runOnlyForDeploymentPostprocessing = 0;
		};
/* End PBXSourcesBuildPhase section */

/* Begin PBXTargetDependency section */
		AFAE64B4AC56E82B37EDA95B /* PBXTargetDependency */ = {
			isa = PBXTargetDependency;
			name = InvestPortfolio;
			target = 76F201F3639A13B5439A0C3F /* InvestPortfolio */;
			targetProxy = 4F49AB19859D0E1893F0E95A /* PBXContainerItemProxy */;
		};
/* End PBXTargetDependency section */

/* Begin PBXVariantGroup section */
		953C14A32F056E61003998D2 /* Localizable.strings */ = {
			isa = PBXVariantGroup;
			children = (
				953C14A02F056E61003998D2 /* Base */,
				953C14A12F056E61003998D2 /* ru */,
				953C14A52F056EDD003998D2 /* en */,
			);
			name = Localizable.strings;
			sourceTree = "<group>";
		};
/* End PBXVariantGroup section */

/* Begin XCBuildConfiguration section */
		52616859928B7A02E23230E3 /* Debug */ = {
			isa = XCBuildConfiguration;
			buildSettings = {
				ALWAYS_SEARCH_USER_PATHS = NO;
				ASSETCATALOG_COMPILER_APPICON_NAME = AppIcon;
				ASSETCATALOG_COMPILER_GENERATE_SWIFT_ASSET_SYMBOL_EXTENSIONS = YES;
				CLANG_ANALYZER_LOCALIZABILITY_NONLOCALIZED = YES;
				CLANG_ANALYZER_NONNULL = YES;
				CLANG_ANALYZER_NUMBER_OBJECT_CONVERSION = YES_AGGRESSIVE;
				CLANG_CXX_LANGUAGE_STANDARD = "gnu++20";
				CLANG_ENABLE_MODULES = YES;
				CLANG_ENABLE_OBJC_ARC = YES;
				CLANG_ENABLE_OBJC_WEAK = YES;
				CLANG_WARN_BLOCK_CAPTURE_AUTORELEASING = YES;
				CLANG_WARN_BOOL_CONVERSION = YES;
				CLANG_WARN_COMMA = YES;
				CLANG_WARN_CONSTANT_CONVERSION = YES;
				CLANG_WARN_DEPRECATED_OBJC_IMPLEMENTATIONS = YES;
				CLANG_WARN_DIRECT_OBJC_ISA_USAGE = YES_ERROR;
				CLANG_WARN_DOCUMENTATION_COMMENTS = YES;
				CLANG_WARN_EMPTY_BODY = YES;
				CLANG_WARN_ENUM_CONVERSION = YES;
				CLANG_WARN_INFINITE_RECURSION = YES;
				CLANG_WARN_INT_CONVERSION = YES;
				CLANG_WARN_NON_LITERAL_NULL_CONVERSION = YES;
				CLANG_WARN_OBJC_IMPLICIT_RETAIN_SELF = YES;
				CLANG_WARN_OBJC_LITERAL_CONVERSION = YES;
				CLANG_WARN_OBJC_ROOT_CLASS = YES_ERROR;
				CLANG_WARN_QUOTED_INCLUDE_IN_FRAMEWORK_HEADER = YES;
				CLANG_WARN_RANGE_LOOP_ANALYSIS = YES;
				CLANG_WARN_STRICT_PROTOTYPES = YES;
				CLANG_WARN_SUSPICIOUS_MOVE = YES;
				CLANG_WARN_UNGUARDED_AVAILABILITY = YES_AGGRESSIVE;
				CLANG_WARN_UNREACHABLE_CODE = YES;
				CLANG_WARN__DUPLICATE_METHOD_MATCH = YES;
				COPY_PHASE_STRIP = NO;
				DEBUG_INFORMATION_FORMAT = dwarf;
				DEVELOPMENT_TEAM = SVVTWN6V74;
				ENABLE_STRICT_OBJC_MSGSEND = YES;
				ENABLE_TESTABILITY = YES;
				ENABLE_USER_SCRIPT_SANDBOXING = YES;
				GCC_C_LANGUAGE_STANDARD = gnu17;
				GCC_DYNAMIC_NO_PIC = NO;
				GCC_NO_COMMON_BLOCKS = YES;
				GCC_OPTIMIZATION_LEVEL = 0;
				GCC_PREPROCESSOR_DEFINITIONS = (
					"DEBUG=1",
					"$(inherited)",
				);
				GCC_WARN_64_TO_32_BIT_CONVERSION = YES;
				GCC_WARN_ABOUT_RETURN_TYPE = YES_ERROR;
				GCC_WARN_UNDECLARED_SELECTOR = YES;
				GCC_WARN_UNINITIALIZED_AUTOS = YES_AGGRESSIVE;
				GCC_WARN_UNUSED_FUNCTION = YES;
				GCC_WARN_UNUSED_VARIABLE = YES;
				"INFOPLIST_KEY_CFBundleDisplayName[sdk=*]" = Rendita;
				IPHONEOS_DEPLOYMENT_TARGET = 17.0;
				LOCALIZATION_PREFERS_STRING_CATALOGS = YES;
				MTL_ENABLE_DEBUG_INFO = INCLUDE_SOURCE;
				MTL_FAST_MATH = YES;
				ONLY_ACTIVE_ARCH = YES;
				SDKROOT = iphoneos;
				STRING_CATALOG_GENERATE_SYMBOLS = YES;
				SWIFT_ACTIVE_COMPILATION_CONDITIONS = "DEBUG $(inherited)";
				SWIFT_OPTIMIZATION_LEVEL = "-Onone";
				VALIDATE_PRODUCT = YES;
			};
			name = Debug;
		};
		6249385ED67F8072644B13E7 /* Debug */ = {
			isa = XCBuildConfiguration;
			buildSettings = {
				BUNDLE_LOADER = "$(TEST_HOST)";
				CLANG_ENABLE_OBJC_WEAK = NO;
				CODE_SIGN_STYLE = Automatic;
				DEVELOPMENT_TEAM = SVVTWN6V74;
				GENERATE_INFOPLIST_FILE = YES;
				IPHONEOS_DEPLOYMENT_TARGET = 17.0;
				PRODUCT_BUNDLE_IDENTIFIER = com.investportfolio.app.tests;
				PRODUCT_NAME = InvestPortfolioTests;
				SDKROOT = iphoneos;
				SWIFT_EMIT_LOC_STRINGS = YES;
				SWIFT_VERSION = 5.0;
				TEST_HOST = "$(BUILT_PRODUCTS_DIR)/InvestPortfolio.app/$(BUNDLE_EXECUTABLE_FOLDER_PATH)/InvestPortfolio";
			};
			name = Debug;
		};
		79E691F27F488BE33E3F7347 /* Release */ = {
			isa = XCBuildConfiguration;
			buildSettings = {
				BUNDLE_LOADER = "$(TEST_HOST)";
				CLANG_ENABLE_OBJC_WEAK = NO;
				CODE_SIGN_STYLE = Automatic;
				DEVELOPMENT_TEAM = SVVTWN6V74;
				GENERATE_INFOPLIST_FILE = YES;
				IPHONEOS_DEPLOYMENT_TARGET = 17.0;
				PRODUCT_BUNDLE_IDENTIFIER = com.investportfolio.app.tests;
				PRODUCT_NAME = InvestPortfolioTests;
				SDKROOT = iphoneos;
				SWIFT_EMIT_LOC_STRINGS = YES;
				SWIFT_VERSION = 5.0;
				TEST_HOST = "$(BUILT_PRODUCTS_DIR)/InvestPortfolio.app/$(BUNDLE_EXECUTABLE_FOLDER_PATH)/InvestPortfolio";
				VALIDATE_PRODUCT = YES;
			};
			name = Release;
		};
		APP_52616859928B7A02E23230E3 /* Debug */ = {
			isa = XCBuildConfiguration;
			buildSettings = {
				ASSETCATALOG_COMPILER_GENERATE_SWIFT_ASSET_SYMBOL_EXTENSIONS = YES;
				ASSETCATALOG_COMPILER_INCLUDE_ALL_APPICON_ASSETS = YES;
				CODE_SIGN_IDENTITY = "Apple Development";
				CODE_SIGN_STYLE = Automatic;
				CURRENT_PROJECT_VERSION = 5;
				DEVELOPMENT_ASSET_PATHS = "";
				DEVELOPMENT_TEAM = SVVTWN6V74;
				ENABLE_PREVIEWS = YES;
				GENERATE_INFOPLIST_FILE = YES;
				INFOPLIST_KEY_CFBundleDisplayName = Rentivo;
				"INFOPLIST_KEY_CFBundleDisplayName[sdk=*]" = Rentivo;
				INFOPLIST_KEY_UIApplicationSceneManifest_Generation = YES;
				INFOPLIST_KEY_UIApplicationSupportsIndirectInputEvents = YES;
				INFOPLIST_KEY_UILaunchScreen_Generation = YES;
				INFOPLIST_KEY_UISupportedInterfaceOrientations_iPad = "UIInterfaceOrientationPortrait UIInterfaceOrientationPortraitUpsideDown UIInterfaceOrientationLandscapeLeft UIInterfaceOrientationLandscapeRight";
				INFOPLIST_KEY_UISupportedInterfaceOrientations_iPhone = "UIInterfaceOrientationPortrait UIInterfaceOrientationLandscapeLeft UIInterfaceOrientationLandscapeRight";
				IPHONEOS_DEPLOYMENT_TARGET = 17.0;
				LD_RUNPATH_SEARCH_PATHS = (
					"$(inherited)",
					"@executable_path/Frameworks",
				);
				MARKETING_VERSION = 1.0;
				PRODUCT_BUNDLE_IDENTIFIER = io.rentivo.app;
				PRODUCT_NAME = "$(TARGET_NAME)";
				PROVISIONING_PROFILE_SPECIFIER = "";
				SUPPORTED_PLATFORMS = "iphoneos iphonesimulator";
				SUPPORTS_MACCATALYST = NO;
				SUPPORTS_MAC_DESIGNED_FOR_IPHONE_IPAD = NO;
				SUPPORTS_XR_DESIGNED_FOR_IPHONE_IPAD = NO;
				SWIFT_EMIT_LOC_STRINGS = YES;
				SWIFT_VERSION = 5.0;
				TARGETED_DEVICE_FAMILY = 1;
			};
			name = Debug;
		};
		APP_EC3279092AD51915907F6FFB /* Release */ = {
			isa = XCBuildConfiguration;
			buildSettings = {
				ASSETCATALOG_COMPILER_GENERATE_SWIFT_ASSET_SYMBOL_EXTENSIONS = YES;
				ASSETCATALOG_COMPILER_INCLUDE_ALL_APPICON_ASSETS = YES;
				CODE_SIGN_IDENTITY = "Apple Development";
				CODE_SIGN_STYLE = Automatic;
				CURRENT_PROJECT_VERSION = 5;
				DEVELOPMENT_ASSET_PATHS = "";
				DEVELOPMENT_TEAM = SVVTWN6V74;
				ENABLE_PREVIEWS = YES;
				GENERATE_INFOPLIST_FILE = YES;
				INFOPLIST_KEY_CFBundleDisplayName = Rentivo;
				"INFOPLIST_KEY_CFBundleDisplayName[sdk=*]" = Rentivo;
				INFOPLIST_KEY_UIApplicationSceneManifest_Generation = YES;
				INFOPLIST_KEY_UIApplicationSupportsIndirectInputEvents = YES;
				INFOPLIST_KEY_UILaunchScreen_Generation = YES;
				INFOPLIST_KEY_UISupportedInterfaceOrientations_iPad = "UIInterfaceOrientationPortrait UIInterfaceOrientationPortraitUpsideDown UIInterfaceOrientationLandscapeLeft UIInterfaceOrientationLandscapeRight";
				INFOPLIST_KEY_UISupportedInterfaceOrientations_iPhone = "UIInterfaceOrientationPortrait UIInterfaceOrientationLandscapeLeft UIInterfaceOrientationLandscapeRight";
				IPHONEOS_DEPLOYMENT_TARGET = 17.0;
				LD_RUNPATH_SEARCH_PATHS = (
					"$(inherited)",
					"@executable_path/Frameworks",
				);
				MARKETING_VERSION = 1.0;
				PRODUCT_BUNDLE_IDENTIFIER = io.rentivo.app;
				PRODUCT_NAME = "$(TARGET_NAME)";
				PROVISIONING_PROFILE_SPECIFIER = "";
				SUPPORTED_PLATFORMS = "iphoneos iphonesimulator";
				SUPPORTS_MACCATALYST = NO;
				SUPPORTS_MAC_DESIGNED_FOR_IPHONE_IPAD = NO;
				SUPPORTS_XR_DESIGNED_FOR_IPHONE_IPAD = NO;
				SWIFT_EMIT_LOC_STRINGS = YES;
				SWIFT_VERSION = 5.0;
				TARGETED_DEVICE_FAMILY = 1;
			};
			name = Release;
		};
		EC3279092AD51915907F6FFB /* Release */ = {
			isa = XCBuildConfiguration;
			buildSettings = {
				ALWAYS_SEARCH_USER_PATHS = NO;
				ASSETCATALOG_COMPILER_APPICON_NAME = AppIcon;
				ASSETCATALOG_COMPILER_GENERATE_SWIFT_ASSET_SYMBOL_EXTENSIONS = YES;
				CLANG_ANALYZER_LOCALIZABILITY_NONLOCALIZED = YES;
				CLANG_ANALYZER_NONNULL = YES;
				CLANG_ANALYZER_NUMBER_OBJECT_CONVERSION = YES_AGGRESSIVE;
				CLANG_CXX_LANGUAGE_STANDARD = "gnu++20";
				CLANG_ENABLE_MODULES = YES;
				CLANG_ENABLE_OBJC_ARC = YES;
				CLANG_ENABLE_OBJC_WEAK = YES;
				CLANG_WARN_BLOCK_CAPTURE_AUTORELEASING = YES;
				CLANG_WARN_BOOL_CONVERSION = YES;
				CLANG_WARN_COMMA = YES;
				CLANG_WARN_CONSTANT_CONVERSION = YES;
				CLANG_WARN_DEPRECATED_OBJC_IMPLEMENTATIONS = YES;
				CLANG_WARN_DIRECT_OBJC_ISA_USAGE = YES_ERROR;
				CLANG_WARN_DOCUMENTATION_COMMENTS = YES;
				CLANG_WARN_EMPTY_BODY = YES;
				CLANG_WARN_ENUM_CONVERSION = YES;
				CLANG_WARN_INFINITE_RECURSION = YES;
				CLANG_WARN_INT_CONVERSION = YES;
				CLANG_WARN_NON_LITERAL_NULL_CONVERSION = YES;
				CLANG_WARN_OBJC_IMPLICIT_RETAIN_SELF = YES;
				CLANG_WARN_OBJC_LITERAL_CONVERSION = YES;
				CLANG_WARN_OBJC_ROOT_CLASS = YES_ERROR;
				CLANG_WARN_QUOTED_INCLUDE_IN_FRAMEWORK_HEADER = YES;
				CLANG_WARN_RANGE_LOOP_ANALYSIS = YES;
				CLANG_WARN_STRICT_PROTOTYPES = YES;
				CLANG_WARN_SUSPICIOUS_MOVE = YES;
				CLANG_WARN_UNGUARDED_AVAILABILITY = YES_AGGRESSIVE;
				CLANG_WARN_UNREACHABLE_CODE = YES;
				CLANG_WARN__DUPLICATE_METHOD_MATCH = YES;
				COPY_PHASE_STRIP = NO;
				DEBUG_INFORMATION_FORMAT = "dwarf-with-dsym";
				DEVELOPMENT_TEAM = SVVTWN6V74;
				ENABLE_NS_ASSERTIONS = NO;
				ENABLE_STRICT_OBJC_MSGSEND = YES;
				ENABLE_USER_SCRIPT_SANDBOXING = YES;
				GCC_C_LANGUAGE_STANDARD = gnu17;
				GCC_NO_COMMON_BLOCKS = YES;
				GCC_WARN_64_TO_32_BIT_CONVERSION = YES;
				GCC_WARN_ABOUT_RETURN_TYPE = YES_ERROR;
				GCC_WARN_UNDECLARED_SELECTOR = YES;
				GCC_WARN_UNINITIALIZED_AUTOS = YES_AGGRESSIVE;
				GCC_WARN_UNUSED_FUNCTION = YES;
				GCC_WARN_UNUSED_VARIABLE = YES;
				"INFOPLIST_KEY_CFBundleDisplayName[sdk=*]" = Rendita;
				IPHONEOS_DEPLOYMENT_TARGET = 17.0;
				LOCALIZATION_PREFERS_STRING_CATALOGS = YES;
				MTL_ENABLE_DEBUG_INFO = NO;
				MTL_FAST_MATH = YES;
				SDKROOT = iphoneos;
				STRING_CATALOG_GENERATE_SYMBOLS = YES;
				SWIFT_COMPILATION_MODE = wholemodule;
				VALIDATE_PRODUCT = YES;
			};
			name = Release;
		};
/* End XCBuildConfiguration section */

/* Begin XCConfigurationList section */
		73782976BC5AEA92EAAD09B3 /* Build configuration list for PBXProject "InvestPortfolio" */ = {
			isa = XCConfigurationList;
			buildConfigurations = (
				52616859928B7A02E23230E3 /* Debug */,
				EC3279092AD51915907F6FFB /* Release */,
			);
			defaultConfigurationIsVisible = 0;
			defaultConfigurationName = Release;
		};
		C33AA585DF076DEC9B7E5983 /* Build configuration list for PBXNativeTarget "InvestPortfolioTests" */ = {
			isa = XCConfigurationList;
			buildConfigurations = (
				79E691F27F488BE33E3F7347 /* Release */,
				6249385ED67F8072644B13E7 /* Debug */,
			);
			defaultConfigurationIsVisible = 0;
			defaultConfigurationName = Release;
		};
		D8773A4553161E9B19C0AD16 /* Build configuration list for PBXNativeTarget "InvestPortfolio" */ = {
			isa = XCConfigurationList;
			buildConfigurations = (
				APP_52616859928B7A02E23230E3 /* Debug */,
				APP_EC3279092AD51915907F6FFB /* Release */,
			);
			defaultConfigurationIsVisible = 0;
			defaultConfigurationName = Release;
		};
/* End XCConfigurationList section */
	};
	rootObject = EFA73E3C964F10E63EF43557 /* Project object */;
}
