// !$*UTF8*$!
{
	archiveVersion = 1;
	classes = {
	};
	objectVersion = 56;
	objects = {

/* Begin PBXBuildFile section */
		1A283CB0A1273797A2EDF575 /* MainTabView.swift in Sources */ = {isa = PBXBuildFile; fileRef = D18ED4677AC6505B776798E6 /* MainTabView.swift */; };
		28B87BD48DE2E58850C3F9A2 /* PortfolioViewModel.swift in Sources */ = {isa = PBXBuildFile; fileRef = 9B4950880FE439025F2175B2 /* PortfolioViewModel.swift */; };
		46C6D31225696A28546DFA10 /* CashViewModel.swift in Sources */ = {isa = PBXBuildFile; fileRef = 004A57BC698C2A1A48AB8807 /* CashViewModel.swift */; };
		4BEACA230AD15858BA39424C /* CashView.swift in Sources */ = {isa = PBXBuildFile; fileRef = 05D23F0EE50022B9203DCDE2 /* CashView.swift */; };
		9380DD9F1204B8281856CB04 /* APIError.swift in Sources */ = {isa = PBXBuildFile; fileRef = C37B7EDAF8F936E98437A1F3 /* APIError.swift */; };
		AC5A762A3849A9DF8D8438ED /* PortfolioPosition.swift in Sources */ = {isa = PBXBuildFile; fileRef = DFD34909DABAC5F92DCF45D0 /* PortfolioPosition.swift */; };
		B0219953032118B56D7468AC /* AuthView.swift in Sources */ = {isa = PBXBuildFile; fileRef = 0A5B8C5687841912689A0D6A /* AuthView.swift */; };
		C5BDE1EB97711E39E2BB8CF3 /* CashOperation.swift in Sources */ = {isa = PBXBuildFile; fileRef = B695E2A44B129299FA57D040 /* CashOperation.swift */; };
		CD6D9F04D80A48E58391C3DE /* KeychainService.swift in Sources */ = {isa = PBXBuildFile; fileRef = FF920457E7D4837CBBE69ACE /* KeychainService.swift */; };
		D2B396740B342C974AEE5356 /* AuthViewModel.swift in Sources */ = {isa = PBXBuildFile; fileRef = 2FD2CCCABD675199D0922F3E /* AuthViewModel.swift */; };
		EF9D432CF9BEDF992ABE727D /* APIClient.swift in Sources */ = {isa = PBXBuildFile; fileRef = 5EA7CB5A8DFF077953BBDEFF /* APIClient.swift */; };
		F3552534641030F610F3E7C2 /* PortfolioView.swift in Sources */ = {isa = PBXBuildFile; fileRef = A5F21A614ADC3ACB4086A69B /* PortfolioView.swift */; };
		F8045D927570703468F14EEE /* InvestPortfolioApp.swift in Sources */ = {isa = PBXBuildFile; fileRef = 5E8A6769F38550C7E7261987 /* InvestPortfolioApp.swift */; };
/* End PBXBuildFile section */

/* Begin PBXFileReference section */
		004A57BC698C2A1A48AB8807 /* CashViewModel.swift */ = {isa = PBXFileReference; lastKnownFileType = sourcecode.swift; path = CashViewModel.swift; sourceTree = "<group>"; };
		05D23F0EE50022B9203DCDE2 /* CashView.swift */ = {isa = PBXFileReference; lastKnownFileType = sourcecode.swift; path = CashView.swift; sourceTree = "<group>"; };
		0A5B8C5687841912689A0D6A /* AuthView.swift */ = {isa = PBXFileReference; lastKnownFileType = sourcecode.swift; path = AuthView.swift; sourceTree = "<group>"; };
		2FD2CCCABD675199D0922F3E /* AuthViewModel.swift */ = {isa = PBXFileReference; lastKnownFileType = sourcecode.swift; path = AuthViewModel.swift; sourceTree = "<group>"; };
		51AB3E044295A2DF769A31B9 /* InvestPortfolio.app */ = {isa = PBXFileReference; explicitFileType = wrapper.application; includeInIndex = 0; path = InvestPortfolio.app; sourceTree = BUILT_PRODUCTS_DIR; };
		5E8A6769F38550C7E7261987 /* InvestPortfolioApp.swift */ = {isa = PBXFileReference; lastKnownFileType = sourcecode.swift; path = InvestPortfolioApp.swift; sourceTree = "<group>"; };
		5EA7CB5A8DFF077953BBDEFF /* APIClient.swift */ = {isa = PBXFileReference; lastKnownFileType = sourcecode.swift; path = APIClient.swift; sourceTree = "<group>"; };
		9B4950880FE439025F2175B2 /* PortfolioViewModel.swift */ = {isa = PBXFileReference; lastKnownFileType = sourcecode.swift; path = PortfolioViewModel.swift; sourceTree = "<group>"; };
		C37B7EDAF8F936E98437A1F3 /* APIError.swift */ = {isa = PBXFileReference; lastKnownFileType = sourcecode.swift; path = APIError.swift; sourceTree = "<group>"; };
		A5F21A614ADC3ACB4086A69B /* PortfolioView.swift */ = {isa = PBXFileReference; lastKnownFileType = sourcecode.swift; path = PortfolioView.swift; sourceTree = "<group>"; };
		B695E2A44B129299FA57D040 /* CashOperation.swift */ = {isa = PBXFileReference; lastKnownFileType = sourcecode.swift; path = CashOperation.swift; sourceTree = "<group>"; };
		D18ED4677AC6505B776798E6 /* MainTabView.swift */ = {isa = PBXFileReference; lastKnownFileType = sourcecode.swift; path = MainTabView.swift; sourceTree = "<group>"; };
		DFD34909DABAC5F92DCF45D0 /* PortfolioPosition.swift */ = {isa = PBXFileReference; lastKnownFileType = sourcecode.swift; path = PortfolioPosition.swift; sourceTree = "<group>"; };
		FF920457E7D4837CBBE69ACE /* KeychainService.swift */ = {isa = PBXFileReference; lastKnownFileType = sourcecode.swift; path = KeychainService.swift; sourceTree = "<group>"; };
/* End PBXFileReference section */

/* Begin PBXFrameworksBuildPhase section */
		744AD1B4389E289D237E65B2 /* Frameworks */ = {
			isa = PBXFrameworksBuildPhase;
			buildActionMask = 2147483647;
			files = (
			);
			runOnlyForDeploymentPostprocessing = 0;
		};
/* End PBXFrameworksBuildPhase section */

/* Begin PBXGroup section */
		5A11619E4267E97BEF78CC37 /* APIClient */ = {
			isa = PBXGroup;
			children = (
				5EA7CB5A8DFF077953BBDEFF /* APIClient.swift */,
				C37B7EDAF8F936E98437A1F3 /* APIError.swift */,
			);
			path = APIClient;
			sourceTree = "<group>";
		};
		C60896E4F8DFA38C232D7907 /* Service */ = {
			isa = PBXGroup;
			children = (
				FF920457E7D4837CBBE69ACE /* KeychainService.swift */,
			);
			path = Service;
			sourceTree = "<group>";
		};
		C6CD1A224B518FD6F436BF8F /* Model */ = {
			isa = PBXGroup;
			children = (
				B695E2A44B129299FA57D040 /* CashOperation.swift */,
				DFD34909DABAC5F92DCF45D0 /* PortfolioPosition.swift */,
			);
			path = Model;
			sourceTree = "<group>";
		};
		E6624A5CBCC7422DE34E6EE4 /* Products */ = {
			isa = PBXGroup;
			children = (
				51AB3E044295A2DF769A31B9 /* InvestPortfolio.app */,
			);
			name = Products;
			sourceTree = "<group>";
		};
		E8A54F4948D5CE89D5072384 = {
			isa = PBXGroup;
			children = (
				5E8A6769F38550C7E7261987 /* InvestPortfolioApp.swift */,
				5A11619E4267E97BEF78CC37 /* APIClient */,
				C6CD1A224B518FD6F436BF8F /* Model */,
				C60896E4F8DFA38C232D7907 /* Service */,
				FAFE7386D23E096595A28133 /* View */,
				E6624A5CBCC7422DE34E6EE4 /* Products */,
			);
			sourceTree = "<group>";
		};
		FAFE7386D23E096595A28133 /* View */ = {
			isa = PBXGroup;
			children = (
				0A5B8C5687841912689A0D6A /* AuthView.swift */,
				2FD2CCCABD675199D0922F3E /* AuthViewModel.swift */,
				05D23F0EE50022B9203DCDE2 /* CashView.swift */,
				004A57BC698C2A1A48AB8807 /* CashViewModel.swift */,
				D18ED4677AC6505B776798E6 /* MainTabView.swift */,
				A5F21A614ADC3ACB4086A69B /* PortfolioView.swift */,
				9B4950880FE439025F2175B2 /* PortfolioViewModel.swift */,
			);
			path = View;
			sourceTree = "<group>";
		};
/* End PBXGroup section */

/* Begin PBXNativeTarget section */
		76F201F3639A13B5439A0C3F /* InvestPortfolio */ = {
			isa = PBXNativeTarget;
			buildConfigurationList = D8773A4553161E9B19C0AD16 /* Build configuration list for PBXNativeTarget "InvestPortfolio" */;
			buildPhases = (
				6E030E50B3665BB4C2A92840 /* Sources */,
				744AD1B4389E289D237E65B2 /* Frameworks */,
			);
			buildRules = (
			);
			dependencies = (
			);
			name = InvestPortfolio;
			productName = InvestPortfolio;
			productReference = 51AB3E044295A2DF769A31B9 /* InvestPortfolio.app */;
			productType = "com.apple.product-type.application";
		};
/* End PBXNativeTarget section */

/* Begin PBXProject section */
		EFA73E3C964F10E63EF43557 /* Project object */ = {
			isa = PBXProject;
			attributes = {
				BuildIndependentTargetsInParallel = 1;
				LastSwiftUpdateCheck = 1500;
				LastUpgradeCheck = 2610;
				TargetAttributes = {
					76F201F3639A13B5439A0C3F = {
						CreatedOnToolsVersion = 15.0;
					};
				};
			};
			buildConfigurationList = 73782976BC5AEA92EAAD09B3 /* Build configuration list for PBXProject "InvestPortfolio" */;
			compatibilityVersion = "Xcode 14.0";
			developmentRegion = en;
			hasScannedForEncodings = 0;
			knownRegions = (
				en,
				Base,
			);
			mainGroup = E8A54F4948D5CE89D5072384;
			productRefGroup = E6624A5CBCC7422DE34E6EE4 /* Products */;
			projectDirPath = "";
			projectRoot = "";
			targets = (
				76F201F3639A13B5439A0C3F /* InvestPortfolio */,
			);
		};
/* End PBXProject section */

/* Begin PBXSourcesBuildPhase section */
		6E030E50B3665BB4C2A92840 /* Sources */ = {
			isa = PBXSourcesBuildPhase;
			buildActionMask = 2147483647;
			files = (
				F8045D927570703468F14EEE /* InvestPortfolioApp.swift in Sources */,
				9380DD9F1204B8281856CB04 /* APIError.swift in Sources */,
				EF9D432CF9BEDF992ABE727D /* APIClient.swift in Sources */,
				C5BDE1EB97711E39E2BB8CF3 /* CashOperation.swift in Sources */,
				AC5A762A3849A9DF8D8438ED /* PortfolioPosition.swift in Sources */,
				CD6D9F04D80A48E58391C3DE /* KeychainService.swift in Sources */,
				B0219953032118B56D7468AC /* AuthView.swift in Sources */,
				D2B396740B342C974AEE5356 /* AuthViewModel.swift in Sources */,
				4BEACA230AD15858BA39424C /* CashView.swift in Sources */,
				46C6D31225696A28546DFA10 /* CashViewModel.swift in Sources */,
				1A283CB0A1273797A2EDF575 /* MainTabView.swift in Sources */,
				F3552534641030F610F3E7C2 /* PortfolioView.swift in Sources */,
				28B87BD48DE2E58850C3F9A2 /* PortfolioViewModel.swift in Sources */,
			);
			runOnlyForDeploymentPostprocessing = 0;
		};
/* End PBXSourcesBuildPhase section */

/* Begin XCBuildConfiguration section */
		52616859928B7A02E23230E3 /* Debug */ = {
			isa = XCBuildConfiguration;
			buildSettings = {
				ALWAYS_SEARCH_USER_PATHS = NO;
				ASSETCATALOG_COMPILER_APPICON_NAME = AppIcon;
				ASSETCATALOG_COMPILER_GENERATE_SWIFT_ASSET_SYMBOL_EXTENSIONS = YES;
				CLANG_ANALYZER_NONNULL = YES;
				CLANG_ANALYZER_NUMBER_OBJECT_CONVERSION = YES_AGGRESSIVE;
				CLANG_CXX_LANGUAGE_STANDARD = "gnu++20";
				CLANG_ENABLE_MODULES = YES;
				CLANG_ENABLE_OBJC_ARC = YES;
				CLANG_ENABLE_OBJC_WEAK = YES;
				CLANG_WARN_BLOCK_CAPTURE_AUTORELEASING = YES;
				CLANG_WARN_BOOL_CONVERSION = YES;
				CLANG_WARN_COMMA = YES;
				CLANG_WARN_CONSTANT_CONVERSION = YES;
				CLANG_WARN_DEPRECATED_OBJC_IMPLEMENTATIONS = YES;
				CLANG_WARN_DIRECT_OBJC_ISA_USAGE = YES_ERROR;
				CLANG_WARN_DOCUMENTATION_COMMENTS = YES;
				CLANG_WARN_EMPTY_BODY = YES;
				CLANG_WARN_ENUM_CONVERSION = YES;
				CLANG_WARN_INFINITE_RECURSION = YES;
				CLANG_WARN_INT_CONVERSION = YES;
				CLANG_WARN_NON_LITERAL_NULL_CONVERSION = YES;
				CLANG_WARN_OBJC_IMPLICIT_RETAIN_SELF = YES;
				CLANG_WARN_OBJC_LITERAL_CONVERSION = YES;
				CLANG_WARN_OBJC_ROOT_CLASS = YES_ERROR;
				CLANG_WARN_QUOTED_INCLUDE_IN_FRAMEWORK_HEADER = YES;
				CLANG_WARN_RANGE_LOOP_ANALYSIS = YES;
				CLANG_WARN_STRICT_PROTOTYPES = YES;
				CLANG_WARN_SUSPICIOUS_MOVE = YES;
				CLANG_WARN_UNGUARDED_AVAILABILITY = YES_AGGRESSIVE;
				CLANG_WARN_UNREACHABLE_CODE = YES;
				CLANG_WARN__DUPLICATE_METHOD_MATCH = YES;
				COPY_PHASE_STRIP = NO;
				DEBUG_INFORMATION_FORMAT = dwarf;
				ENABLE_STRICT_OBJC_MSGSEND = YES;
				ENABLE_TESTABILITY = YES;
				ENABLE_USER_SCRIPT_SANDBOXING = YES;
				GCC_C_LANGUAGE_STANDARD = gnu17;
				GCC_DYNAMIC_NO_PIC = NO;
				GCC_NO_COMMON_BLOCKS = YES;
				GCC_OPTIMIZATION_LEVEL = 0;
				GCC_PREPROCESSOR_DEFINITIONS = (
					"DEBUG=1",
					"$(inherited)",
				);
				GCC_WARN_64_TO_32_BIT_CONVERSION = YES;
				GCC_WARN_ABOUT_RETURN_TYPE = YES_ERROR;
				GCC_WARN_UNDECLARED_SELECTOR = YES;
				GCC_WARN_UNINITIALIZED_AUTOS = YES_AGGRESSIVE;
				GCC_WARN_UNUSED_FUNCTION = YES;
				GCC_WARN_UNUSED_VARIABLE = YES;
				IPHONEOS_DEPLOYMENT_TARGET = 15.0;
				LOCALIZATION_PREFERS_STRING_CATALOGS = YES;
				MTL_ENABLE_DEBUG_INFO = INCLUDE_SOURCE;
				MTL_FAST_MATH = YES;
				ONLY_ACTIVE_ARCH = YES;
				SDKROOT = iphoneos;
				STRING_CATALOG_GENERATE_SYMBOLS = YES;
				SWIFT_ACTIVE_COMPILATION_CONDITIONS = "DEBUG $(inherited)";
				SWIFT_OPTIMIZATION_LEVEL = "-Onone";
			};
			name = Debug;
		};
		APP_52616859928B7A02E23230E3 /* Debug */ = {
			isa = XCBuildConfiguration;
			buildSettings = {
				ASSETCATALOG_COMPILER_GENERATE_SWIFT_ASSET_SYMBOL_EXTENSIONS = YES;
				CODE_SIGN_STYLE = Automatic;
				CURRENT_PROJECT_VERSION = 1;
				DEVELOPMENT_ASSET_PATHS = "";
				DEVELOPMENT_TEAM = "";
				ENABLE_PREVIEWS = YES;
				GENERATE_INFOPLIST_FILE = YES;
				INFOPLIST_KEY_UIApplicationSceneManifest_Generation = YES;
				INFOPLIST_KEY_UIApplicationSupportsIndirectInputEvents = YES;
				INFOPLIST_KEY_UILaunchScreen_Generation = YES;
				INFOPLIST_KEY_UISupportedInterfaceOrientations_iPad = "UIInterfaceOrientationPortrait UIInterfaceOrientationPortraitUpsideDown UIInterfaceOrientationLandscapeLeft UIInterfaceOrientationLandscapeRight";
				INFOPLIST_KEY_UISupportedInterfaceOrientations_iPhone = "UIInterfaceOrientationPortrait UIInterfaceOrientationLandscapeLeft UIInterfaceOrientationLandscapeRight";
				IPHONEOS_DEPLOYMENT_TARGET = 15.0;
				LD_RUNPATH_SEARCH_PATHS = (
					"$(inherited)",
					"@executable_path/Frameworks",
				);
				MARKETING_VERSION = 1.0;
				PRODUCT_BUNDLE_IDENTIFIER = com.investportfolio.app;
				PRODUCT_NAME = "$(TARGET_NAME)";
				SWIFT_EMIT_LOC_STRINGS = YES;
				SWIFT_VERSION = 5.0;
				TARGETED_DEVICE_FAMILY = "1,2";
			};
			name = Debug;
		};
		APP_EC3279092AD51915907F6FFB /* Release */ = {
			isa = XCBuildConfiguration;
			buildSettings = {
				ASSETCATALOG_COMPILER_GENERATE_SWIFT_ASSET_SYMBOL_EXTENSIONS = YES;
				CODE_SIGN_STYLE = Automatic;
				CURRENT_PROJECT_VERSION = 1;
				DEVELOPMENT_ASSET_PATHS = "";
				DEVELOPMENT_TEAM = "";
				ENABLE_PREVIEWS = YES;
				GENERATE_INFOPLIST_FILE = YES;
				INFOPLIST_KEY_UIApplicationSceneManifest_Generation = YES;
				INFOPLIST_KEY_UIApplicationSupportsIndirectInputEvents = YES;
				INFOPLIST_KEY_UILaunchScreen_Generation = YES;
				INFOPLIST_KEY_UISupportedInterfaceOrientations_iPad = "UIInterfaceOrientationPortrait UIInterfaceOrientationPortraitUpsideDown UIInterfaceOrientationLandscapeLeft UIInterfaceOrientationLandscapeRight";
				INFOPLIST_KEY_UISupportedInterfaceOrientations_iPhone = "UIInterfaceOrientationPortrait UIInterfaceOrientationLandscapeLeft UIInterfaceOrientationLandscapeRight";
				IPHONEOS_DEPLOYMENT_TARGET = 15.0;
				LD_RUNPATH_SEARCH_PATHS = (
					"$(inherited)",
					"@executable_path/Frameworks",
				);
				MARKETING_VERSION = 1.0;
				PRODUCT_BUNDLE_IDENTIFIER = com.investportfolio.app;
				PRODUCT_NAME = "$(TARGET_NAME)";
				SWIFT_EMIT_LOC_STRINGS = YES;
				SWIFT_VERSION = 5.0;
				TARGETED_DEVICE_FAMILY = "1,2";
			};
			name = Release;
		};
		EC3279092AD51915907F6FFB /* Release */ = {
			isa = XCBuildConfiguration;
			buildSettings = {
				ALWAYS_SEARCH_USER_PATHS = NO;
				ASSETCATALOG_COMPILER_APPICON_NAME = AppIcon;
				ASSETCATALOG_COMPILER_GENERATE_SWIFT_ASSET_SYMBOL_EXTENSIONS = YES;
				CLANG_ANALYZER_NONNULL = YES;
				CLANG_ANALYZER_NUMBER_OBJECT_CONVERSION = YES_AGGRESSIVE;
				CLANG_CXX_LANGUAGE_STANDARD = "gnu++20";
				CLANG_ENABLE_MODULES = YES;
				CLANG_ENABLE_OBJC_ARC = YES;
				CLANG_ENABLE_OBJC_WEAK = YES;
				CLANG_WARN_BLOCK_CAPTURE_AUTORELEASING = YES;
				CLANG_WARN_BOOL_CONVERSION = YES;
				CLANG_WARN_COMMA = YES;
				CLANG_WARN_CONSTANT_CONVERSION = YES;
				CLANG_WARN_DEPRECATED_OBJC_IMPLEMENTATIONS = YES;
				CLANG_WARN_DIRECT_OBJC_ISA_USAGE = YES_ERROR;
				CLANG_WARN_DOCUMENTATION_COMMENTS = YES;
				CLANG_WARN_EMPTY_BODY = YES;
				CLANG_WARN_ENUM_CONVERSION = YES;
				CLANG_WARN_INFINITE_RECURSION = YES;
				CLANG_WARN_INT_CONVERSION = YES;
				CLANG_WARN_NON_LITERAL_NULL_CONVERSION = YES;
				CLANG_WARN_OBJC_IMPLICIT_RETAIN_SELF = YES;
				CLANG_WARN_OBJC_LITERAL_CONVERSION = YES;
				CLANG_WARN_OBJC_ROOT_CLASS = YES_ERROR;
				CLANG_WARN_QUOTED_INCLUDE_IN_FRAMEWORK_HEADER = YES;
				CLANG_WARN_RANGE_LOOP_ANALYSIS = YES;
				CLANG_WARN_STRICT_PROTOTYPES = YES;
				CLANG_WARN_SUSPICIOUS_MOVE = YES;
				CLANG_WARN_UNGUARDED_AVAILABILITY = YES_AGGRESSIVE;
				CLANG_WARN_UNREACHABLE_CODE = YES;
				CLANG_WARN__DUPLICATE_METHOD_MATCH = YES;
				COPY_PHASE_STRIP = NO;
				DEBUG_INFORMATION_FORMAT = "dwarf-with-dsym";
				ENABLE_NS_ASSERTIONS = NO;
				ENABLE_STRICT_OBJC_MSGSEND = YES;
				ENABLE_USER_SCRIPT_SANDBOXING = YES;
				GCC_C_LANGUAGE_STANDARD = gnu17;
				GCC_NO_COMMON_BLOCKS = YES;
				GCC_WARN_64_TO_32_BIT_CONVERSION = YES;
				GCC_WARN_ABOUT_RETURN_TYPE = YES_ERROR;
				GCC_WARN_UNDECLARED_SELECTOR = YES;
				GCC_WARN_UNINITIALIZED_AUTOS = YES_AGGRESSIVE;
				GCC_WARN_UNUSED_FUNCTION = YES;
				GCC_WARN_UNUSED_VARIABLE = YES;
				IPHONEOS_DEPLOYMENT_TARGET = 15.0;
				LOCALIZATION_PREFERS_STRING_CATALOGS = YES;
				MTL_ENABLE_DEBUG_INFO = NO;
				MTL_FAST_MATH = YES;
				SDKROOT = iphoneos;
				STRING_CATALOG_GENERATE_SYMBOLS = YES;
				SWIFT_COMPILATION_MODE = wholemodule;
				VALIDATE_PRODUCT = YES;
			};
			name = Release;
		};
/* End XCBuildConfiguration section */

/* Begin XCConfigurationList section */
		73782976BC5AEA92EAAD09B3 /* Build configuration list for PBXProject "InvestPortfolio" */ = {
			isa = XCConfigurationList;
			buildConfigurations = (
				52616859928B7A02E23230E3 /* Debug */,
				EC3279092AD51915907F6FFB /* Release */,
			);
			defaultConfigurationIsVisible = 0;
			defaultConfigurationName = Release;
		};
		D8773A4553161E9B19C0AD16 /* Build configuration list for PBXNativeTarget "InvestPortfolio" */ = {
			isa = XCConfigurationList;
			buildConfigurations = (
				APP_52616859928B7A02E23230E3 /* Debug */,
				APP_EC3279092AD51915907F6FFB /* Release */,
			);
			defaultConfigurationIsVisible = 0;
			defaultConfigurationName = Release;
		};
/* End XCConfigurationList section */
	};
	rootObject = EFA73E3C964F10E63EF43557 /* Project object */;
}
